
Microsoft Visual Studio Solution File, Format Version 12.00
# Visual Studio Version 17
VisualStudioVersion = 17.4.33122.133
MinimumVisualStudioVersion = 10.0.40219.1
Project("{FAE04EC0-301F-11D3-BF4B-00C04F79EFBC}") = "WokwiToComPort", "WokwiToComPort\WokwiToComPort.csproj", "{BB20388D-0B09-4FBA-B46D-C9E89CE1C706}"
EndProject
Project("{FAE04EC0-301F-11D3-BF4B-00C04F79EFBC}") = "PressureVisualisation", "PressureVisualisation\PressureVisualisation.csproj", "{2E58FE90-60BF-4D6F-B9BD-3A5E9F027E4C}"
EndProject
Global
	GlobalSection(SolutionConfigurationPlatforms) = preSolution
		Debug|Any CPU = Debug|Any CPU
		Debug|x64 = Debug|x64
		Debug|x86 = Debug|x86
		Release|Any CPU = Release|Any CPU
		Release|x64 = Release|x64
		Release|x86 = Release|x86
	EndGlobalSection
	GlobalSection(ProjectConfigurationPlatforms) = postSolution
		{BB20388D-0B09-4FBA-B46D-C9E89CE1C706}.Debug|Any CPU.ActiveCfg = Debug|Any CPU
		{BB20388D-0B09-4FBA-B46D-C9E89CE1C706}.Debug|Any CPU.Build.0 = Debug|Any CPU
		{BB20388D-0B09-4FBA-B46D-C9E89CE1C706}.Debug|x64.ActiveCfg = Debug|x64
		{BB20388D-0B09-4FBA-B46D-C9E89CE1C706}.Debug|x64.Build.0 = Debug|x64
		{BB20388D-0B09-4FBA-B46D-C9E89CE1C706}.Debug|x86.ActiveCfg = Debug|x86
		{BB20388D-0B09-4FBA-B46D-C9E89CE1C706}.Debug|x86.Build.0 = Debug|x86
		{BB20388D-0B09-4FBA-B46D-C9E89CE1C706}.Release|Any CPU.ActiveCfg = Release|Any CPU
		{BB20388D-0B09-4FBA-B46D-C9E89CE1C706}.Release|Any CPU.Build.0 = Release|Any CPU
		{BB20388D-0B09-4FBA-B46D-C9E89CE1C706}.Release|x64.ActiveCfg = Release|x64
		{BB20388D-0B09-4FBA-B46D-C9E89CE1C706}.Release|x64.Build.0 = Release|x64
		{BB20388D-0B09-4FBA-B46D-C9E89CE1C706}.Release|x86.ActiveCfg = Release|x86
		{BB20388D-0B09-4FBA-B46D-C9E89CE1C706}.Release|x86.Build.0 = Release|x86
		{2E58FE90-60BF-4D6F-B9BD-3A5E9F027E4C}.Debug|Any CPU.ActiveCfg = Debug|Any CPU
		{2E58FE90-60BF-4D6F-B9BD-3A5E9F027E4C}.Debug|Any CPU.Build.0 = Debug|Any CPU
		{2E58FE90-60BF-4D6F-B9BD-3A5E9F027E4C}.Debug|x64.ActiveCfg = Debug|Any CPU
		{2E58FE90-60BF-4D6F-B9BD-3A5E9F027E4C}.Debug|x64.Build.0 = Debug|Any CPU
		{2E58FE90-60BF-4D6F-B9BD-3A5E9F027E4C}.Debug|x86.ActiveCfg = Debug|Any CPU
		{2E58FE90-60BF-4D6F-B9BD-3A5E9F027E4C}.Debug|x86.Build.0 = Debug|Any CPU
		{2E58FE90-60BF-4D6F-B9BD-3A5E9F027E4C}.Release|Any CPU.ActiveCfg = Release|Any CPU
		{2E58FE90-60BF-4D6F-B9BD-3A5E9F027E4C}.Release|Any CPU.Build.0 = Release|Any CPU
		{2E58FE90-60BF-4D6F-B9BD-3A5E9F027E4C}.Release|x64.ActiveCfg = Release|Any CPU
		{2E58FE90-60BF-4D6F-B9BD-3A5E9F027E4C}.Release|x64.Build.0 = Release|Any CPU
		{2E58FE90-60BF-4D6F-B9BD-3A5E9F027E4C}.Release|x86.ActiveCfg = Release|Any CPU
		{2E58FE90-60BF-4D6F-B9BD-3A5E9F027E4C}.Release|x86.Build.0 = Release|Any CPU
	EndGlobalSection
	GlobalSection(SolutionProperties) = preSolution
		HideSolutionNode = FALSE
	EndGlobalSection
	GlobalSection(ExtensibilityGlobals) = postSolution
		SolutionGuid = {6D72561C-CDAD-48F0-BCB2-D6C7254C109D}
	EndGlobalSection
EndGlobal
